
Microsoft Visual Studio Solution File, Format Version 12.00
# Visual Studio Version 17
VisualStudioVersion = 17.11.35327.3
MinimumVisualStudioVersion = 10.0.40219.1
Project("{FAE04EC0-301F-11D3-BF4B-00C04F79EFBC}") = "ConsoleApp1", "ConsoleApp1.csproj", "{3267FE72-BD7E-4634-A28C-8EF129A6D392}"
EndProject
Project("{FAE04EC0-301F-11D3-BF4B-00C04F79EFBC}") = "ConsoleApp2", "..\ConsoleApp2\ConsoleApp2.csproj", "{3ED043D5-65AD-4DFF-91A5-334E55A8D2C7}"
EndProject
Global
	GlobalSection(SolutionConfigurationPlatforms) = preSolution
		Debug|Any CPU = Debug|Any CPU
		Release|Any CPU = Release|Any CPU
	EndGlobalSection
	GlobalSection(ProjectConfigurationPlatforms) = postSolution
		{3267FE72-BD7E-4634-A28C-8EF129A6D392}.Debug|Any CPU.ActiveCfg = Debug|Any CPU
		{3267FE72-BD7E-4634-A28C-8EF129A6D392}.Debug|Any CPU.Build.0 = Debug|Any CPU
		{3267FE72-BD7E-4634-A28C-8EF129A6D392}.Release|Any CPU.ActiveCfg = Release|Any CPU
		{3267FE72-BD7E-4634-A28C-8EF129A6D392}.Release|Any CPU.Build.0 = Release|Any CPU
		{3ED043D5-65AD-4DFF-91A5-334E55A8D2C7}.Debug|Any CPU.ActiveCfg = Debug|Any CPU
		{3ED043D5-65AD-4DFF-91A5-334E55A8D2C7}.Debug|Any CPU.Build.0 = Debug|Any CPU
		{3ED043D5-65AD-4DFF-91A5-334E55A8D2C7}.Release|Any CPU.ActiveCfg = Release|Any CPU
		{3ED043D5-65AD-4DFF-91A5-334E55A8D2C7}.Release|Any CPU.Build.0 = Release|Any CPU
	EndGlobalSection
	GlobalSection(SolutionProperties) = preSolution
		HideSolutionNode = FALSE
	EndGlobalSection
	GlobalSection(ExtensibilityGlobals) = postSolution
		SolutionGuid = {3B149CF8-9763-47FE-B34B-5C7479AB04D5}
	EndGlobalSection
EndGlobal
